
Microsoft Visual Studio Solution File, Format Version 12.00
# Visual Studio Version 17
VisualStudioVersion = 17.4.33110.190
MinimumVisualStudioVersion = 10.0.40219.1
Project("{FAE04EC0-301F-11D3-BF4B-00C04F79EFBC}") = "QuanLyNhanVien", "QuanLyNhanVien\QuanLyNhanVien.csproj", "{81C4E4A7-D336-4E25-A1BB-67F35F4EDAA4}"
EndProject
Global
	GlobalSection(SolutionConfigurationPlatforms) = preSolution
		Debug|Any CPU = Debug|Any CPU
		Release|Any CPU = Release|Any CPU
	EndGlobalSection
	GlobalSection(ProjectConfigurationPlatforms) = postSolution
		{81C4E4A7-D336-4E25-A1BB-67F35F4EDAA4}.Debug|Any CPU.ActiveCfg = Debug|Any CPU
		{81C4E4A7-D336-4E25-A1BB-67F35F4EDAA4}.Debug|Any CPU.Build.0 = Debug|Any CPU
		{81C4E4A7-D336-4E25-A1BB-67F35F4EDAA4}.Release|Any CPU.ActiveCfg = Release|Any CPU
		{81C4E4A7-D336-4E25-A1BB-67F35F4EDAA4}.Release|Any CPU.Build.0 = Release|Any CPU
	EndGlobalSection
	GlobalSection(SolutionProperties) = preSolution
		HideSolutionNode = FALSE
	EndGlobalSection
	GlobalSection(ExtensibilityGlobals) = postSolution
		SolutionGuid = {7FA97B67-21DF-4DBA-8C03-07D9AFC5E9ED}
	EndGlobalSection
EndGlobal
